
Microsoft Visual Studio Solution File, Format Version 12.00
# Visual Studio 15
VisualStudioVersion = 15.0.27205.2004
MinimumVisualStudioVersion = 10.0.40219.1
Project("{9A19103F-16F7-4668-BE54-9A1E7A4F7556}") = "IEP-Backend-Crawler", "IEP-Backend-Crawler\IEP-Backend-Crawler.csproj", "{7281A418-FF6E-4624-A309-3F2F3250D22A}"
EndProject
Project("{FAE04EC0-301F-11D3-BF4B-00C04F79EFBC}") = "IEP-API", "IEP-API\IEP-API.csproj", "{C81CB75C-A1FD-4593-9DB4-16E513857F9B}"
EndProject
Global
	GlobalSection(SolutionConfigurationPlatforms) = preSolution
		Debug|Any CPU = Debug|Any CPU
		Release|Any CPU = Release|Any CPU
	EndGlobalSection
	GlobalSection(ProjectConfigurationPlatforms) = postSolution
		{7281A418-FF6E-4624-A309-3F2F3250D22A}.Debug|Any CPU.ActiveCfg = Debug|Any CPU
		{7281A418-FF6E-4624-A309-3F2F3250D22A}.Debug|Any CPU.Build.0 = Debug|Any CPU
		{7281A418-FF6E-4624-A309-3F2F3250D22A}.Release|Any CPU.ActiveCfg = Release|Any CPU
		{7281A418-FF6E-4624-A309-3F2F3250D22A}.Release|Any CPU.Build.0 = Release|Any CPU
		{C81CB75C-A1FD-4593-9DB4-16E513857F9B}.Debug|Any CPU.ActiveCfg = Debug|Any CPU
		{C81CB75C-A1FD-4593-9DB4-16E513857F9B}.Debug|Any CPU.Build.0 = Debug|Any CPU
		{C81CB75C-A1FD-4593-9DB4-16E513857F9B}.Release|Any CPU.ActiveCfg = Release|Any CPU
		{C81CB75C-A1FD-4593-9DB4-16E513857F9B}.Release|Any CPU.Build.0 = Release|Any CPU
	EndGlobalSection
	GlobalSection(SolutionProperties) = preSolution
		HideSolutionNode = FALSE
	EndGlobalSection
	GlobalSection(ExtensibilityGlobals) = postSolution
		SolutionGuid = {BBB46AC1-BE49-4D32-953F-C8CA307C1089}
	EndGlobalSection
EndGlobal
